// !$*UTF8*$!
{
	archiveVersion = 1;
	classes = {
	};
	objectVersion = 55;
	objects = {

/* Begin PBXBuildFile section */
		F9C9B97F27C4211B003341AE /* MyNiceLogger.framework in Frameworks */ = {isa = PBXBuildFile; fileRef = F9C9B97627C4211B003341AE /* MyNiceLogger.framework */; };
		F9C9B98427C4211B003341AE /* MyNiceLoggerTests.swift in Sources */ = {isa = PBXBuildFile; fileRef = F9C9B98327C4211B003341AE /* MyNiceLoggerTests.swift */; };
		F9C9B98527C4211B003341AE /* MyNiceLogger.h in Headers */ = {isa = PBXBuildFile; fileRef = F9C9B97927C4211B003341AE /* MyNiceLogger.h */; settings = {ATTRIBUTES = (Public, ); }; };
		F9C9B98F27C4213C003341AE /* MyNiceLogger.swift in Sources */ = {isa = PBXBuildFile; fileRef = F9C9B98E27C4213C003341AE /* MyNiceLogger.swift */; };
/* End PBXBuildFile section */

/* Begin PBXContainerItemProxy section */
		F9C9B98027C4211B003341AE /* PBXContainerItemProxy */ = {
			isa = PBXContainerItemProxy;
			containerPortal = F9C9B96D27C4211B003341AE /* Project object */;
			proxyType = 1;
			remoteGlobalIDString = F9C9B97527C4211B003341AE;
			remoteInfo = MyNiceLogger;
		};
/* End PBXContainerItemProxy section */

/* Begin PBXFileReference section */
		F9C9B97627C4211B003341AE /* MyNiceLogger.framework */ = {isa = PBXFileReference; explicitFileType = wrapper.framework; includeInIndex = 0; path = MyNiceLogger.framework; sourceTree = BUILT_PRODUCTS_DIR; };
		F9C9B97927C4211B003341AE /* MyNiceLogger.h */ = {isa = PBXFileReference; lastKnownFileType = sourcecode.c.h; path = MyNiceLogger.h; sourceTree = "<group>"; };
		F9C9B97E27C4211B003341AE /* MyNiceLoggerTests.xctest */ = {isa = PBXFileReference; explicitFileType = wrapper.cfbundle; includeInIndex = 0; path = MyNiceLoggerTests.xctest; sourceTree = BUILT_PRODUCTS_DIR; };
		F9C9B98327C4211B003341AE /* MyNiceLoggerTests.swift */ = {isa = PBXFileReference; lastKnownFileType = sourcecode.swift; path = MyNiceLoggerTests.swift; sourceTree = "<group>"; };
		F9C9B98E27C4213C003341AE /* MyNiceLogger.swift */ = {isa = PBXFileReference; lastKnownFileType = sourcecode.swift; path = MyNiceLogger.swift; sourceTree = "<group>"; };
/* End PBXFileReference section */

/* Begin PBXFrameworksBuildPhase section */
		F9C9B97327C4211B003341AE /* Frameworks */ = {
			isa = PBXFrameworksBuildPhase;
			buildActionMask = 2147483647;
			files = (
			);
			runOnlyForDeploymentPostprocessing = 0;
		};
		F9C9B97B27C4211B003341AE /* Frameworks */ = {
			isa = PBXFrameworksBuildPhase;
			buildActionMask = 2147483647;
			files = (
				F9C9B97F27C4211B003341AE /* MyNiceLogger.framework in Frameworks */,
			);
			runOnlyForDeploymentPostprocessing = 0;
		};
/* End PBXFrameworksBuildPhase section */

/* Begin PBXGroup section */
		F9C9B96C27C4211B003341AE = {
			isa = PBXGroup;
			children = (
				F9C9B97827C4211B003341AE /* MyNiceLogger */,
				F9C9B98227C4211B003341AE /* MyNiceLoggerTests */,
				F9C9B97727C4211B003341AE /* Products */,
			);
			sourceTree = "<group>";
		};
		F9C9B97727C4211B003341AE /* Products */ = {
			isa = PBXGroup;
			children = (
				F9C9B97627C4211B003341AE /* MyNiceLogger.framework */,
				F9C9B97E27C4211B003341AE /* MyNiceLoggerTests.xctest */,
			);
			name = Products;
			sourceTree = "<group>";
		};
		F9C9B97827C4211B003341AE /* MyNiceLogger */ = {
			isa = PBXGroup;
			children = (
				F9C9B97927C4211B003341AE /* MyNiceLogger.h */,
				F9C9B98E27C4213C003341AE /* MyNiceLogger.swift */,
			);
			path = MyNiceLogger;
			sourceTree = "<group>";
		};
		F9C9B98227C4211B003341AE /* MyNiceLoggerTests */ = {
			isa = PBXGroup;
			children = (
				F9C9B98327C4211B003341AE /* MyNiceLoggerTests.swift */,
			);
			path = MyNiceLoggerTests;
			sourceTree = "<group>";
		};
/* End PBXGroup section */

/* Begin PBXHeadersBuildPhase section */
		F9C9B97127C4211B003341AE /* Headers */ = {
			isa = PBXHeadersBuildPhase;
			buildActionMask = 2147483647;
			files = (
				F9C9B98527C4211B003341AE /* MyNiceLogger.h in Headers */,
			);
			runOnlyForDeploymentPostprocessing = 0;
		};
/* End PBXHeadersBuildPhase section */

/* Begin PBXNativeTarget section */
		F9C9B97527C4211B003341AE /* MyNiceLogger */ = {
			isa = PBXNativeTarget;
			buildConfigurationList = F9C9B98827C4211B003341AE /* Build configuration list for PBXNativeTarget "MyNiceLogger" */;
			buildPhases = (
				F9C9B97127C4211B003341AE /* Headers */,
				F9C9B97227C4211B003341AE /* Sources */,
				F9C9B97327C4211B003341AE /* Frameworks */,
				F9C9B97427C4211B003341AE /* Resources */,
			);
			buildRules = (
			);
			dependencies = (
			);
			name = MyNiceLogger;
			productName = MyNiceLogger;
			productReference = F9C9B97627C4211B003341AE /* MyNiceLogger.framework */;
			productType = "com.apple.product-type.framework";
		};
		F9C9B97D27C4211B003341AE /* MyNiceLoggerTests */ = {
			isa = PBXNativeTarget;
			buildConfigurationList = F9C9B98B27C4211B003341AE /* Build configuration list for PBXNativeTarget "MyNiceLoggerTests" */;
			buildPhases = (
				F9C9B97A27C4211B003341AE /* Sources */,
				F9C9B97B27C4211B003341AE /* Frameworks */,
				F9C9B97C27C4211B003341AE /* Resources */,
			);
			buildRules = (
			);
			dependencies = (
				F9C9B98127C4211B003341AE /* PBXTargetDependency */,
			);
			name = MyNiceLoggerTests;
			productName = MyNiceLoggerTests;
			productReference = F9C9B97E27C4211B003341AE /* MyNiceLoggerTests.xctest */;
			productType = "com.apple.product-type.bundle.unit-test";
		};
/* End PBXNativeTarget section */

/* Begin PBXProject section */
		F9C9B96D27C4211B003341AE /* Project object */ = {
			isa = PBXProject;
			attributes = {
				BuildIndependentTargetsInParallel = 1;
				LastSwiftUpdateCheck = 1320;
				LastUpgradeCheck = 1320;
				TargetAttributes = {
					F9C9B97527C4211B003341AE = {
						CreatedOnToolsVersion = 13.2.1;
						LastSwiftMigration = 1320;
					};
					F9C9B97D27C4211B003341AE = {
						CreatedOnToolsVersion = 13.2.1;
					};
				};
			};
			buildConfigurationList = F9C9B97027C4211B003341AE /* Build configuration list for PBXProject "MyNiceLogger" */;
			compatibilityVersion = "Xcode 13.0";
			developmentRegion = en;
			hasScannedForEncodings = 0;
			knownRegions = (
				en,
				Base,
			);
			mainGroup = F9C9B96C27C4211B003341AE;
			productRefGroup = F9C9B97727C4211B003341AE /* Products */;
			projectDirPath = "";
			projectRoot = "";
			targets = (
				F9C9B97527C4211B003341AE /* MyNiceLogger */,
				F9C9B97D27C4211B003341AE /* MyNiceLoggerTests */,
			);
		};
/* End PBXProject section */

/* Begin PBXResourcesBuildPhase section */
		F9C9B97427C4211B003341AE /* Resources */ = {
			isa = PBXResourcesBuildPhase;
			buildActionMask = 2147483647;
			files = (
			);
			runOnlyForDeploymentPostprocessing = 0;
		};
		F9C9B97C27C4211B003341AE /* Resources */ = {
			isa = PBXResourcesBuildPhase;
			buildActionMask = 2147483647;
			files = (
			);
			runOnlyForDeploymentPostprocessing = 0;
		};
/* End PBXResourcesBuildPhase section */

/* Begin PBXSourcesBuildPhase section */
		F9C9B97227C4211B003341AE /* Sources */ = {
			isa = PBXSourcesBuildPhase;
			buildActionMask = 2147483647;
			files = (
				F9C9B98F27C4213C003341AE /* MyNiceLogger.swift in Sources */,
			);
			runOnlyForDeploymentPostprocessing = 0;
		};
		F9C9B97A27C4211B003341AE /* Sources */ = {
			isa = PBXSourcesBuildPhase;
			buildActionMask = 2147483647;
			files = (
				F9C9B98427C4211B003341AE /* MyNiceLoggerTests.swift in Sources */,
			);
			runOnlyForDeploymentPostprocessing = 0;
		};
/* End PBXSourcesBuildPhase section */

/* Begin PBXTargetDependency section */
		F9C9B98127C4211B003341AE /* PBXTargetDependency */ = {
			isa = PBXTargetDependency;
			target = F9C9B97527C4211B003341AE /* MyNiceLogger */;
			targetProxy = F9C9B98027C4211B003341AE /* PBXContainerItemProxy */;
		};
/* End PBXTargetDependency section */

/* Begin XCBuildConfiguration section */
		F9C9B98627C4211B003341AE /* Debug */ = {
			isa = XCBuildConfiguration;
			buildSettings = {
				ALWAYS_SEARCH_USER_PATHS = NO;
				CLANG_ANALYZER_NONNULL = YES;
				CLANG_ANALYZER_NUMBER_OBJECT_CONVERSION = YES_AGGRESSIVE;
				CLANG_CXX_LANGUAGE_STANDARD = "gnu++17";
				CLANG_CXX_LIBRARY = "libc++";
				CLANG_ENABLE_MODULES = YES;
				CLANG_ENABLE_OBJC_ARC = YES;
				CLANG_ENABLE_OBJC_WEAK = YES;
				CLANG_WARN_BLOCK_CAPTURE_AUTORELEASING = YES;
				CLANG_WARN_BOOL_CONVERSION = YES;
				CLANG_WARN_COMMA = YES;
				CLANG_WARN_CONSTANT_CONVERSION = YES;
				CLANG_WARN_DEPRECATED_OBJC_IMPLEMENTATIONS = YES;
				CLANG_WARN_DIRECT_OBJC_ISA_USAGE = YES_ERROR;
				CLANG_WARN_DOCUMENTATION_COMMENTS = YES;
				CLANG_WARN_EMPTY_BODY = YES;
				CLANG_WARN_ENUM_CONVERSION = YES;
				CLANG_WARN_INFINITE_RECURSION = YES;
				CLANG_WARN_INT_CONVERSION = YES;
				CLANG_WARN_NON_LITERAL_NULL_CONVERSION = YES;
				CLANG_WARN_OBJC_IMPLICIT_RETAIN_SELF = YES;
				CLANG_WARN_OBJC_LITERAL_CONVERSION = YES;
				CLANG_WARN_OBJC_ROOT_CLASS = YES_ERROR;
				CLANG_WARN_QUOTED_INCLUDE_IN_FRAMEWORK_HEADER = YES;
				CLANG_WARN_RANGE_LOOP_ANALYSIS = YES;
				CLANG_WARN_STRICT_PROTOTYPES = YES;
				CLANG_WARN_SUSPICIOUS_MOVE = YES;
				CLANG_WARN_UNGUARDED_AVAILABILITY = YES_AGGRESSIVE;
				CLANG_WARN_UNREACHABLE_CODE = YES;
				CLANG_WARN__DUPLICATE_METHOD_MATCH = YES;
				COPY_PHASE_STRIP = NO;
				CURRENT_PROJECT_VERSION = 1;
				DEBUG_INFORMATION_FORMAT = dwarf;
				ENABLE_STRICT_OBJC_MSGSEND = YES;
				ENABLE_TESTABILITY = YES;
				GCC_C_LANGUAGE_STANDARD = gnu11;
				GCC_DYNAMIC_NO_PIC = NO;
				GCC_NO_COMMON_BLOCKS = YES;
				GCC_OPTIMIZATION_LEVEL = 0;
				GCC_PREPROCESSOR_DEFINITIONS = (
					"DEBUG=1",
					"$(inherited)",
				);
				GCC_WARN_64_TO_32_BIT_CONVERSION = YES;
				GCC_WARN_ABOUT_RETURN_TYPE = YES_ERROR;
				GCC_WARN_UNDECLARED_SELECTOR = YES;
				GCC_WARN_UNINITIALIZED_AUTOS = YES_AGGRESSIVE;
				GCC_WARN_UNUSED_FUNCTION = YES;
				GCC_WARN_UNUSED_VARIABLE = YES;
				IPHONEOS_DEPLOYMENT_TARGET = 15.2;
				MTL_ENABLE_DEBUG_INFO = INCLUDE_SOURCE;
				MTL_FAST_MATH = YES;
				ONLY_ACTIVE_ARCH = YES;
				SDKROOT = iphoneos;
				SWIFT_ACTIVE_COMPILATION_CONDITIONS = DEBUG;
				SWIFT_OPTIMIZATION_LEVEL = "-Onone";
				VERSIONING_SYSTEM = "apple-generic";
				VERSION_INFO_PREFIX = "";
			};
			name = Debug;
		};
		F9C9B98727C4211B003341AE /* Release */ = {
			isa = XCBuildConfiguration;
			buildSettings = {
				ALWAYS_SEARCH_USER_PATHS = NO;
				CLANG_ANALYZER_NONNULL = YES;
				CLANG_ANALYZER_NUMBER_OBJECT_CONVERSION = YES_AGGRESSIVE;
				CLANG_CXX_LANGUAGE_STANDARD = "gnu++17";
				CLANG_CXX_LIBRARY = "libc++";
				CLANG_ENABLE_MODULES = YES;
				CLANG_ENABLE_OBJC_ARC = YES;
				CLANG_ENABLE_OBJC_WEAK = YES;
				CLANG_WARN_BLOCK_CAPTURE_AUTORELEASING = YES;
				CLANG_WARN_BOOL_CONVERSION = YES;
				CLANG_WARN_COMMA = YES;
				CLANG_WARN_CONSTANT_CONVERSION = YES;
				CLANG_WARN_DEPRECATED_OBJC_IMPLEMENTATIONS = YES;
				CLANG_WARN_DIRECT_OBJC_ISA_USAGE = YES_ERROR;
				CLANG_WARN_DOCUMENTATION_COMMENTS = YES;
				CLANG_WARN_EMPTY_BODY = YES;
				CLANG_WARN_ENUM_CONVERSION = YES;
				CLANG_WARN_INFINITE_RECURSION = YES;
				CLANG_WARN_INT_CONVERSION = YES;
				CLANG_WARN_NON_LITERAL_NULL_CONVERSION = YES;
				CLANG_WARN_OBJC_IMPLICIT_RETAIN_SELF = YES;
				CLANG_WARN_OBJC_LITERAL_CONVERSION = YES;
				CLANG_WARN_OBJC_ROOT_CLASS = YES_ERROR;
				CLANG_WARN_QUOTED_INCLUDE_IN_FRAMEWORK_HEADER = YES;
				CLANG_WARN_RANGE_LOOP_ANALYSIS = YES;
				CLANG_WARN_STRICT_PROTOTYPES = YES;
				CLANG_WARN_SUSPICIOUS_MOVE = YES;
				CLANG_WARN_UNGUARDED_AVAILABILITY = YES_AGGRESSIVE;
				CLANG_WARN_UNREACHABLE_CODE = YES;
				CLANG_WARN__DUPLICATE_METHOD_MATCH = YES;
				COPY_PHASE_STRIP = NO;
				CURRENT_PROJECT_VERSION = 1;
				DEBUG_INFORMATION_FORMAT = "dwarf-with-dsym";
				ENABLE_NS_ASSERTIONS = NO;
				ENABLE_STRICT_OBJC_MSGSEND = YES;
				GCC_C_LANGUAGE_STANDARD = gnu11;
				GCC_NO_COMMON_BLOCKS = YES;
				GCC_WARN_64_TO_32_BIT_CONVERSION = YES;
				GCC_WARN_ABOUT_RETURN_TYPE = YES_ERROR;
				GCC_WARN_UNDECLARED_SELECTOR = YES;
				GCC_WARN_UNINITIALIZED_AUTOS = YES_AGGRESSIVE;
				GCC_WARN_UNUSED_FUNCTION = YES;
				GCC_WARN_UNUSED_VARIABLE = YES;
				IPHONEOS_DEPLOYMENT_TARGET = 15.2;
				MTL_ENABLE_DEBUG_INFO = NO;
				MTL_FAST_MATH = YES;
				SDKROOT = iphoneos;
				SWIFT_COMPILATION_MODE = wholemodule;
				SWIFT_OPTIMIZATION_LEVEL = "-O";
				VALIDATE_PRODUCT = YES;
				VERSIONING_SYSTEM = "apple-generic";
				VERSION_INFO_PREFIX = "";
			};
			name = Release;
		};
		F9C9B98927C4211B003341AE /* Debug */ = {
			isa = XCBuildConfiguration;
			buildSettings = {
				BUILD_LIBRARY_FOR_DISTRIBUTION = YES;
				CLANG_ENABLE_MODULES = YES;
				CODE_SIGN_STYLE = Automatic;
				CURRENT_PROJECT_VERSION = 1;
				DEFINES_MODULE = YES;
				DEVELOPMENT_TEAM = B5YY9D2V69;
				DYLIB_COMPATIBILITY_VERSION = 1;
				DYLIB_CURRENT_VERSION = 1;
				DYLIB_INSTALL_NAME_BASE = "@rpath";
				GENERATE_INFOPLIST_FILE = YES;
				INFOPLIST_KEY_NSHumanReadableCopyright = "";
				INSTALL_PATH = "$(LOCAL_LIBRARY_DIR)/Frameworks";
				LD_RUNPATH_SEARCH_PATHS = (
					"$(inherited)",
					"@executable_path/Frameworks",
					"@loader_path/Frameworks",
				);
				MARKETING_VERSION = 1.0;
				PRODUCT_BUNDLE_IDENTIFIER = com.arslansaeed.MyNiceLogger;
				PRODUCT_NAME = "$(TARGET_NAME:c99extidentifier)";
				SKIP_INSTALL = YES;
				SWIFT_EMIT_LOC_STRINGS = YES;
				SWIFT_OPTIMIZATION_LEVEL = "-Onone";
				SWIFT_VERSION = 5.0;
				TARGETED_DEVICE_FAMILY = "1,2";
			};
			name = Debug;
		};
		F9C9B98A27C4211B003341AE /* Release */ = {
			isa = XCBuildConfiguration;
			buildSettings = {
				BUILD_LIBRARY_FOR_DISTRIBUTION = YES;
				CLANG_ENABLE_MODULES = YES;
				CODE_SIGN_STYLE = Automatic;
				CURRENT_PROJECT_VERSION = 1;
				DEFINES_MODULE = YES;
				DEVELOPMENT_TEAM = B5YY9D2V69;
				DYLIB_COMPATIBILITY_VERSION = 1;
				DYLIB_CURRENT_VERSION = 1;
				DYLIB_INSTALL_NAME_BASE = "@rpath";
				GENERATE_INFOPLIST_FILE = YES;
				INFOPLIST_KEY_NSHumanReadableCopyright = "";
				INSTALL_PATH = "$(LOCAL_LIBRARY_DIR)/Frameworks";
				LD_RUNPATH_SEARCH_PATHS = (
					"$(inherited)",
					"@executable_path/Frameworks",
					"@loader_path/Frameworks",
				);
				MARKETING_VERSION = 1.0;
				PRODUCT_BUNDLE_IDENTIFIER = com.arslansaeed.MyNiceLogger;
				PRODUCT_NAME = "$(TARGET_NAME:c99extidentifier)";
				SKIP_INSTALL = YES;
				SWIFT_EMIT_LOC_STRINGS = YES;
				SWIFT_VERSION = 5.0;
				TARGETED_DEVICE_FAMILY = "1,2";
			};
			name = Release;
		};
		F9C9B98C27C4211B003341AE /* Debug */ = {
			isa = XCBuildConfiguration;
			buildSettings = {
				ALWAYS_EMBED_SWIFT_STANDARD_LIBRARIES = YES;
				CODE_SIGN_STYLE = Automatic;
				CURRENT_PROJECT_VERSION = 1;
				DEVELOPMENT_TEAM = B5YY9D2V69;
				GENERATE_INFOPLIST_FILE = YES;
				MARKETING_VERSION = 1.0;
				PRODUCT_BUNDLE_IDENTIFIER = com.arslansaeed.MyNiceLoggerTests;
				PRODUCT_NAME = "$(TARGET_NAME)";
				SWIFT_EMIT_LOC_STRINGS = NO;
				SWIFT_VERSION = 5.0;
				TARGETED_DEVICE_FAMILY = "1,2";
			};
			name = Debug;
		};
		F9C9B98D27C4211B003341AE /* Release */ = {
			isa = XCBuildConfiguration;
			buildSettings = {
				ALWAYS_EMBED_SWIFT_STANDARD_LIBRARIES = YES;
				CODE_SIGN_STYLE = Automatic;
				CURRENT_PROJECT_VERSION = 1;
				DEVELOPMENT_TEAM = B5YY9D2V69;
				GENERATE_INFOPLIST_FILE = YES;
				MARKETING_VERSION = 1.0;
				PRODUCT_BUNDLE_IDENTIFIER = com.arslansaeed.MyNiceLoggerTests;
				PRODUCT_NAME = "$(TARGET_NAME)";
				SWIFT_EMIT_LOC_STRINGS = NO;
				SWIFT_VERSION = 5.0;
				TARGETED_DEVICE_FAMILY = "1,2";
			};
			name = Release;
		};
/* End XCBuildConfiguration section */

/* Begin XCConfigurationList section */
		F9C9B97027C4211B003341AE /* Build configuration list for PBXProject "MyNiceLogger" */ = {
			isa = XCConfigurationList;
			buildConfigurations = (
				F9C9B98627C4211B003341AE /* Debug */,
				F9C9B98727C4211B003341AE /* Release */,
			);
			defaultConfigurationIsVisible = 0;
			defaultConfigurationName = Release;
		};
		F9C9B98827C4211B003341AE /* Build configuration list for PBXNativeTarget "MyNiceLogger" */ = {
			isa = XCConfigurationList;
			buildConfigurations = (
				F9C9B98927C4211B003341AE /* Debug */,
				F9C9B98A27C4211B003341AE /* Release */,
			);
			defaultConfigurationIsVisible = 0;
			defaultConfigurationName = Release;
		};
		F9C9B98B27C4211B003341AE /* Build configuration list for PBXNativeTarget "MyNiceLoggerTests" */ = {
			isa = XCConfigurationList;
			buildConfigurations = (
				F9C9B98C27C4211B003341AE /* Debug */,
				F9C9B98D27C4211B003341AE /* Release */,
			);
			defaultConfigurationIsVisible = 0;
			defaultConfigurationName = Release;
		};
/* End XCConfigurationList section */
	};
	rootObject = F9C9B96D27C4211B003341AE /* Project object */;
}
